
Microsoft Visual Studio Solution File, Format Version 12.00
# Visual Studio Version 17
VisualStudioVersion = 17.14.36623.8 d17.14
MinimumVisualStudioVersion = 10.0.40219.1
Project("{FAE04EC0-301F-11D3-BF4B-00C04F79EFBC}") = "BankAccountsAppTest", "BankAccountsAppTest\BankAccountsAppTest.csproj", "{9E22E4DE-3569-40D2-8B65-BE0DE6578846}"
EndProject
Global
	GlobalSection(SolutionConfigurationPlatforms) = preSolution
		Debug|Any CPU = Debug|Any CPU
		Release|Any CPU = Release|Any CPU
	EndGlobalSection
	GlobalSection(ProjectConfigurationPlatforms) = postSolution
		{9E22E4DE-3569-40D2-8B65-BE0DE6578846}.Debug|Any CPU.ActiveCfg = Debug|Any CPU
		{9E22E4DE-3569-40D2-8B65-BE0DE6578846}.Debug|Any CPU.Build.0 = Debug|Any CPU
		{9E22E4DE-3569-40D2-8B65-BE0DE6578846}.Release|Any CPU.ActiveCfg = Release|Any CPU
		{9E22E4DE-3569-40D2-8B65-BE0DE6578846}.Release|Any CPU.Build.0 = Release|Any CPU
	EndGlobalSection
	GlobalSection(SolutionProperties) = preSolution
		HideSolutionNode = FALSE
	EndGlobalSection
	GlobalSection(ExtensibilityGlobals) = postSolution
		SolutionGuid = {1C6EA2AD-B1EB-4492-8310-FFF426B07022}
	EndGlobalSection
EndGlobal
